// !$*UTF8*$!
{
	archiveVersion = 1;
	classes = {
	};
	objectVersion = 56;
	objects = {

/* Begin PBXBuildFile section */
		34842F0E29166D6500A72861 /* AppDelegate.swift in Sources */ = {isa = PBXBuildFile; fileRef = 34842F0D29166D6500A72861 /* AppDelegate.swift */; };
		34842F1029166D6500A72861 /* SceneDelegate.swift in Sources */ = {isa = PBXBuildFile; fileRef = 34842F0F29166D6500A72861 /* SceneDelegate.swift */; };
		34842F1229166D6500A72861 /* ViewController.swift in Sources */ = {isa = PBXBuildFile; fileRef = 34842F1129166D6500A72861 /* ViewController.swift */; };
		34842F1529166D6500A72861 /* Main.storyboard in Resources */ = {isa = PBXBuildFile; fileRef = 34842F1329166D6500A72861 /* Main.storyboard */; };
		34842F1729166D6600A72861 /* Assets.xcassets in Resources */ = {isa = PBXBuildFile; fileRef = 34842F1629166D6600A72861 /* Assets.xcassets */; };
		34842F1A29166D6600A72861 /* LaunchScreen.storyboard in Resources */ = {isa = PBXBuildFile; fileRef = 34842F1829166D6600A72861 /* LaunchScreen.storyboard */; };
		34842F2529166D6600A72861 /* magicBallTests.swift in Sources */ = {isa = PBXBuildFile; fileRef = 34842F2429166D6600A72861 /* magicBallTests.swift */; };
		34842F2F29166D6600A72861 /* magicBallUITests.swift in Sources */ = {isa = PBXBuildFile; fileRef = 34842F2E29166D6600A72861 /* magicBallUITests.swift */; };
		34842F3129166D6600A72861 /* magicBallUITestsLaunchTests.swift in Sources */ = {isa = PBXBuildFile; fileRef = 34842F3029166D6600A72861 /* magicBallUITestsLaunchTests.swift */; };
/* End PBXBuildFile section */

/* Begin PBXContainerItemProxy section */
		34842F2129166D6600A72861 /* PBXContainerItemProxy */ = {
			isa = PBXContainerItemProxy;
			containerPortal = 34842F0229166D6500A72861 /* Project object */;
			proxyType = 1;
			remoteGlobalIDString = 34842F0929166D6500A72861;
			remoteInfo = magicBall;
		};
		34842F2B29166D6600A72861 /* PBXContainerItemProxy */ = {
			isa = PBXContainerItemProxy;
			containerPortal = 34842F0229166D6500A72861 /* Project object */;
			proxyType = 1;
			remoteGlobalIDString = 34842F0929166D6500A72861;
			remoteInfo = magicBall;
		};
/* End PBXContainerItemProxy section */

/* Begin PBXFileReference section */
		34842F0A29166D6500A72861 /* magicBall.app */ = {isa = PBXFileReference; explicitFileType = wrapper.application; includeInIndex = 0; path = magicBall.app; sourceTree = BUILT_PRODUCTS_DIR; };
		34842F0D29166D6500A72861 /* AppDelegate.swift */ = {isa = PBXFileReference; lastKnownFileType = sourcecode.swift; path = AppDelegate.swift; sourceTree = "<group>"; };
		34842F0F29166D6500A72861 /* SceneDelegate.swift */ = {isa = PBXFileReference; lastKnownFileType = sourcecode.swift; path = SceneDelegate.swift; sourceTree = "<group>"; };
		34842F1129166D6500A72861 /* ViewController.swift */ = {isa = PBXFileReference; lastKnownFileType = sourcecode.swift; path = ViewController.swift; sourceTree = "<group>"; };
		34842F1429166D6500A72861 /* Base */ = {isa = PBXFileReference; lastKnownFileType = file.storyboard; name = Base; path = Base.lproj/Main.storyboard; sourceTree = "<group>"; };
		34842F1629166D6600A72861 /* Assets.xcassets */ = {isa = PBXFileReference; lastKnownFileType = folder.assetcatalog; path = Assets.xcassets; sourceTree = "<group>"; };
		34842F1929166D6600A72861 /* Base */ = {isa = PBXFileReference; lastKnownFileType = file.storyboard; name = Base; path = Base.lproj/LaunchScreen.storyboard; sourceTree = "<group>"; };
		34842F1B29166D6600A72861 /* Info.plist */ = {isa = PBXFileReference; lastKnownFileType = text.plist.xml; path = Info.plist; sourceTree = "<group>"; };
		34842F2029166D6600A72861 /* magicBallTests.xctest */ = {isa = PBXFileReference; explicitFileType = wrapper.cfbundle; includeInIndex = 0; path = magicBallTests.xctest; sourceTree = BUILT_PRODUCTS_DIR; };
		34842F2429166D6600A72861 /* magicBallTests.swift */ = {isa = PBXFileReference; lastKnownFileType = sourcecode.swift; path = magicBallTests.swift; sourceTree = "<group>"; };
		34842F2A29166D6600A72861 /* magicBallUITests.xctest */ = {isa = PBXFileReference; explicitFileType = wrapper.cfbundle; includeInIndex = 0; path = magicBallUITests.xctest; sourceTree = BUILT_PRODUCTS_DIR; };
		34842F2E29166D6600A72861 /* magicBallUITests.swift */ = {isa = PBXFileReference; lastKnownFileType = sourcecode.swift; path = magicBallUITests.swift; sourceTree = "<group>"; };
		34842F3029166D6600A72861 /* magicBallUITestsLaunchTests.swift */ = {isa = PBXFileReference; lastKnownFileType = sourcecode.swift; path = magicBallUITestsLaunchTests.swift; sourceTree = "<group>"; };
/* End PBXFileReference section */

/* Begin PBXFrameworksBuildPhase section */
		34842F0729166D6500A72861 /* Frameworks */ = {
			isa = PBXFrameworksBuildPhase;
			buildActionMask = 2147483647;
			files = (
			);
			runOnlyForDeploymentPostprocessing = 0;
		};
		34842F1D29166D6600A72861 /* Frameworks */ = {
			isa = PBXFrameworksBuildPhase;
			buildActionMask = 2147483647;
			files = (
			);
			runOnlyForDeploymentPostprocessing = 0;
		};
		34842F2729166D6600A72861 /* Frameworks */ = {
			isa = PBXFrameworksBuildPhase;
			buildActionMask = 2147483647;
			files = (
			);
			runOnlyForDeploymentPostprocessing = 0;
		};
/* End PBXFrameworksBuildPhase section */

/* Begin PBXGroup section */
		34842F0129166D6500A72861 = {
			isa = PBXGroup;
			children = (
				34842F0C29166D6500A72861 /* magicBall */,
				34842F2329166D6600A72861 /* magicBallTests */,
				34842F2D29166D6600A72861 /* magicBallUITests */,
				34842F0B29166D6500A72861 /* Products */,
			);
			sourceTree = "<group>";
		};
		34842F0B29166D6500A72861 /* Products */ = {
			isa = PBXGroup;
			children = (
				34842F0A29166D6500A72861 /* magicBall.app */,
				34842F2029166D6600A72861 /* magicBallTests.xctest */,
				34842F2A29166D6600A72861 /* magicBallUITests.xctest */,
			);
			name = Products;
			sourceTree = "<group>";
		};
		34842F0C29166D6500A72861 /* magicBall */ = {
			isa = PBXGroup;
			children = (
				34842F0D29166D6500A72861 /* AppDelegate.swift */,
				34842F0F29166D6500A72861 /* SceneDelegate.swift */,
				34842F1129166D6500A72861 /* ViewController.swift */,
				34842F1329166D6500A72861 /* Main.storyboard */,
				34842F1629166D6600A72861 /* Assets.xcassets */,
				34842F1829166D6600A72861 /* LaunchScreen.storyboard */,
				34842F1B29166D6600A72861 /* Info.plist */,
			);
			path = magicBall;
			sourceTree = "<group>";
		};
		34842F2329166D6600A72861 /* magicBallTests */ = {
			isa = PBXGroup;
			children = (
				34842F2429166D6600A72861 /* magicBallTests.swift */,
			);
			path = magicBallTests;
			sourceTree = "<group>";
		};
		34842F2D29166D6600A72861 /* magicBallUITests */ = {
			isa = PBXGroup;
			children = (
				34842F2E29166D6600A72861 /* magicBallUITests.swift */,
				34842F3029166D6600A72861 /* magicBallUITestsLaunchTests.swift */,
			);
			path = magicBallUITests;
			sourceTree = "<group>";
		};
/* End PBXGroup section */

/* Begin PBXNativeTarget section */
		34842F0929166D6500A72861 /* magicBall */ = {
			isa = PBXNativeTarget;
			buildConfigurationList = 34842F3429166D6600A72861 /* Build configuration list for PBXNativeTarget "magicBall" */;
			buildPhases = (
				34842F0629166D6500A72861 /* Sources */,
				34842F0729166D6500A72861 /* Frameworks */,
				34842F0829166D6500A72861 /* Resources */,
			);
			buildRules = (
			);
			dependencies = (
			);
			name = magicBall;
			productName = magicBall;
			productReference = 34842F0A29166D6500A72861 /* magicBall.app */;
			productType = "com.apple.product-type.application";
		};
		34842F1F29166D6600A72861 /* magicBallTests */ = {
			isa = PBXNativeTarget;
			buildConfigurationList = 34842F3729166D6600A72861 /* Build configuration list for PBXNativeTarget "magicBallTests" */;
			buildPhases = (
				34842F1C29166D6600A72861 /* Sources */,
				34842F1D29166D6600A72861 /* Frameworks */,
				34842F1E29166D6600A72861 /* Resources */,
			);
			buildRules = (
			);
			dependencies = (
				34842F2229166D6600A72861 /* PBXTargetDependency */,
			);
			name = magicBallTests;
			productName = magicBallTests;
			productReference = 34842F2029166D6600A72861 /* magicBallTests.xctest */;
			productType = "com.apple.product-type.bundle.unit-test";
		};
		34842F2929166D6600A72861 /* magicBallUITests */ = {
			isa = PBXNativeTarget;
			buildConfigurationList = 34842F3A29166D6600A72861 /* Build configuration list for PBXNativeTarget "magicBallUITests" */;
			buildPhases = (
				34842F2629166D6600A72861 /* Sources */,
				34842F2729166D6600A72861 /* Frameworks */,
				34842F2829166D6600A72861 /* Resources */,
			);
			buildRules = (
			);
			dependencies = (
				34842F2C29166D6600A72861 /* PBXTargetDependency */,
			);
			name = magicBallUITests;
			productName = magicBallUITests;
			productReference = 34842F2A29166D6600A72861 /* magicBallUITests.xctest */;
			productType = "com.apple.product-type.bundle.ui-testing";
		};
/* End PBXNativeTarget section */

/* Begin PBXProject section */
		34842F0229166D6500A72861 /* Project object */ = {
			isa = PBXProject;
			attributes = {
				BuildIndependentTargetsInParallel = 1;
				LastSwiftUpdateCheck = 1410;
				LastUpgradeCheck = 1410;
				TargetAttributes = {
					34842F0929166D6500A72861 = {
						CreatedOnToolsVersion = 14.1;
					};
					34842F1F29166D6600A72861 = {
						CreatedOnToolsVersion = 14.1;
						TestTargetID = 34842F0929166D6500A72861;
					};
					34842F2929166D6600A72861 = {
						CreatedOnToolsVersion = 14.1;
						TestTargetID = 34842F0929166D6500A72861;
					};
				};
			};
			buildConfigurationList = 34842F0529166D6500A72861 /* Build configuration list for PBXProject "magicBall" */;
			compatibilityVersion = "Xcode 14.0";
			developmentRegion = en;
			hasScannedForEncodings = 0;
			knownRegions = (
				en,
				Base,
			);
			mainGroup = 34842F0129166D6500A72861;
			productRefGroup = 34842F0B29166D6500A72861 /* Products */;
			projectDirPath = "";
			projectRoot = "";
			targets = (
				34842F0929166D6500A72861 /* magicBall */,
				34842F1F29166D6600A72861 /* magicBallTests */,
				34842F2929166D6600A72861 /* magicBallUITests */,
			);
		};
/* End PBXProject section */

/* Begin PBXResourcesBuildPhase section */
		34842F0829166D6500A72861 /* Resources */ = {
			isa = PBXResourcesBuildPhase;
			buildActionMask = 2147483647;
			files = (
				34842F1A29166D6600A72861 /* LaunchScreen.storyboard in Resources */,
				34842F1729166D6600A72861 /* Assets.xcassets in Resources */,
				34842F1529166D6500A72861 /* Main.storyboard in Resources */,
			);
			runOnlyForDeploymentPostprocessing = 0;
		};
		34842F1E29166D6600A72861 /* Resources */ = {
			isa = PBXResourcesBuildPhase;
			buildActionMask = 2147483647;
			files = (
			);
			runOnlyForDeploymentPostprocessing = 0;
		};
		34842F2829166D6600A72861 /* Resources */ = {
			isa = PBXResourcesBuildPhase;
			buildActionMask = 2147483647;
			files = (
			);
			runOnlyForDeploymentPostprocessing = 0;
		};
/* End PBXResourcesBuildPhase section */

/* Begin PBXSourcesBuildPhase section */
		34842F0629166D6500A72861 /* Sources */ = {
			isa = PBXSourcesBuildPhase;
			buildActionMask = 2147483647;
			files = (
				34842F1229166D6500A72861 /* ViewController.swift in Sources */,
				34842F0E29166D6500A72861 /* AppDelegate.swift in Sources */,
				34842F1029166D6500A72861 /* SceneDelegate.swift in Sources */,
			);
			runOnlyForDeploymentPostprocessing = 0;
		};
		34842F1C29166D6600A72861 /* Sources */ = {
			isa = PBXSourcesBuildPhase;
			buildActionMask = 2147483647;
			files = (
				34842F2529166D6600A72861 /* magicBallTests.swift in Sources */,
			);
			runOnlyForDeploymentPostprocessing = 0;
		};
		34842F2629166D6600A72861 /* Sources */ = {
			isa = PBXSourcesBuildPhase;
			buildActionMask = 2147483647;
			files = (
				34842F2F29166D6600A72861 /* magicBallUITests.swift in Sources */,
				34842F3129166D6600A72861 /* magicBallUITestsLaunchTests.swift in Sources */,
			);
			runOnlyForDeploymentPostprocessing = 0;
		};
/* End PBXSourcesBuildPhase section */

/* Begin PBXTargetDependency section */
		34842F2229166D6600A72861 /* PBXTargetDependency */ = {
			isa = PBXTargetDependency;
			target = 34842F0929166D6500A72861 /* magicBall */;
			targetProxy = 34842F2129166D6600A72861 /* PBXContainerItemProxy */;
		};
		34842F2C29166D6600A72861 /* PBXTargetDependency */ = {
			isa = PBXTargetDependency;
			target = 34842F0929166D6500A72861 /* magicBall */;
			targetProxy = 34842F2B29166D6600A72861 /* PBXContainerItemProxy */;
		};
/* End PBXTargetDependency section */

/* Begin PBXVariantGroup section */
		34842F1329166D6500A72861 /* Main.storyboard */ = {
			isa = PBXVariantGroup;
			children = (
				34842F1429166D6500A72861 /* Base */,
			);
			name = Main.storyboard;
			sourceTree = "<group>";
		};
		34842F1829166D6600A72861 /* LaunchScreen.storyboard */ = {
			isa = PBXVariantGroup;
			children = (
				34842F1929166D6600A72861 /* Base */,
			);
			name = LaunchScreen.storyboard;
			sourceTree = "<group>";
		};
/* End PBXVariantGroup section */

/* Begin XCBuildConfiguration section */
		34842F3229166D6600A72861 /* Debug */ = {
			isa = XCBuildConfiguration;
			buildSettings = {
				ALWAYS_SEARCH_USER_PATHS = NO;
				CLANG_ANALYZER_NONNULL = YES;
				CLANG_ANALYZER_NUMBER_OBJECT_CONVERSION = YES_AGGRESSIVE;
				CLANG_CXX_LANGUAGE_STANDARD = "gnu++20";
				CLANG_ENABLE_MODULES = YES;
				CLANG_ENABLE_OBJC_ARC = YES;
				CLANG_ENABLE_OBJC_WEAK = YES;
				CLANG_WARN_BLOCK_CAPTURE_AUTORELEASING = YES;
				CLANG_WARN_BOOL_CONVERSION = YES;
				CLANG_WARN_COMMA = YES;
				CLANG_WARN_CONSTANT_CONVERSION = YES;
				CLANG_WARN_DEPRECATED_OBJC_IMPLEMENTATIONS = YES;
				CLANG_WARN_DIRECT_OBJC_ISA_USAGE = YES_ERROR;
				CLANG_WARN_DOCUMENTATION_COMMENTS = YES;
				CLANG_WARN_EMPTY_BODY = YES;
				CLANG_WARN_ENUM_CONVERSION = YES;
				CLANG_WARN_INFINITE_RECURSION = YES;
				CLANG_WARN_INT_CONVERSION = YES;
				CLANG_WARN_NON_LITERAL_NULL_CONVERSION = YES;
				CLANG_WARN_OBJC_IMPLICIT_RETAIN_SELF = YES;
				CLANG_WARN_OBJC_LITERAL_CONVERSION = YES;
				CLANG_WARN_OBJC_ROOT_CLASS = YES_ERROR;
				CLANG_WARN_QUOTED_INCLUDE_IN_FRAMEWORK_HEADER = YES;
				CLANG_WARN_RANGE_LOOP_ANALYSIS = YES;
				CLANG_WARN_STRICT_PROTOTYPES = YES;
				CLANG_WARN_SUSPICIOUS_MOVE = YES;
				CLANG_WARN_UNGUARDED_AVAILABILITY = YES_AGGRESSIVE;
				CLANG_WARN_UNREACHABLE_CODE = YES;
				CLANG_WARN__DUPLICATE_METHOD_MATCH = YES;
				COPY_PHASE_STRIP = NO;
				DEBUG_INFORMATION_FORMAT = dwarf;
				ENABLE_STRICT_OBJC_MSGSEND = YES;
				ENABLE_TESTABILITY = YES;
				GCC_C_LANGUAGE_STANDARD = gnu11;
				GCC_DYNAMIC_NO_PIC = NO;
				GCC_NO_COMMON_BLOCKS = YES;
				GCC_OPTIMIZATION_LEVEL = 0;
				GCC_PREPROCESSOR_DEFINITIONS = (
					"DEBUG=1",
					"$(inherited)",
				);
				GCC_WARN_64_TO_32_BIT_CONVERSION = YES;
				GCC_WARN_ABOUT_RETURN_TYPE = YES_ERROR;
				GCC_WARN_UNDECLARED_SELECTOR = YES;
				GCC_WARN_UNINITIALIZED_AUTOS = YES_AGGRESSIVE;
				GCC_WARN_UNUSED_FUNCTION = YES;
				GCC_WARN_UNUSED_VARIABLE = YES;
				IPHONEOS_DEPLOYMENT_TARGET = 16.1;
				MTL_ENABLE_DEBUG_INFO = INCLUDE_SOURCE;
				MTL_FAST_MATH = YES;
				ONLY_ACTIVE_ARCH = YES;
				SDKROOT = iphoneos;
				SWIFT_ACTIVE_COMPILATION_CONDITIONS = DEBUG;
				SWIFT_OPTIMIZATION_LEVEL = "-Onone";
			};
			name = Debug;
		};
		34842F3329166D6600A72861 /* Release */ = {
			isa = XCBuildConfiguration;
			buildSettings = {
				ALWAYS_SEARCH_USER_PATHS = NO;
				CLANG_ANALYZER_NONNULL = YES;
				CLANG_ANALYZER_NUMBER_OBJECT_CONVERSION = YES_AGGRESSIVE;
				CLANG_CXX_LANGUAGE_STANDARD = "gnu++20";
				CLANG_ENABLE_MODULES = YES;
				CLANG_ENABLE_OBJC_ARC = YES;
				CLANG_ENABLE_OBJC_WEAK = YES;
				CLANG_WARN_BLOCK_CAPTURE_AUTORELEASING = YES;
				CLANG_WARN_BOOL_CONVERSION = YES;
				CLANG_WARN_COMMA = YES;
				CLANG_WARN_CONSTANT_CONVERSION = YES;
				CLANG_WARN_DEPRECATED_OBJC_IMPLEMENTATIONS = YES;
				CLANG_WARN_DIRECT_OBJC_ISA_USAGE = YES_ERROR;
				CLANG_WARN_DOCUMENTATION_COMMENTS = YES;
				CLANG_WARN_EMPTY_BODY = YES;
				CLANG_WARN_ENUM_CONVERSION = YES;
				CLANG_WARN_INFINITE_RECURSION = YES;
				CLANG_WARN_INT_CONVERSION = YES;
				CLANG_WARN_NON_LITERAL_NULL_CONVERSION = YES;
				CLANG_WARN_OBJC_IMPLICIT_RETAIN_SELF = YES;
				CLANG_WARN_OBJC_LITERAL_CONVERSION = YES;
				CLANG_WARN_OBJC_ROOT_CLASS = YES_ERROR;
				CLANG_WARN_QUOTED_INCLUDE_IN_FRAMEWORK_HEADER = YES;
				CLANG_WARN_RANGE_LOOP_ANALYSIS = YES;
				CLANG_WARN_STRICT_PROTOTYPES = YES;
				CLANG_WARN_SUSPICIOUS_MOVE = YES;
				CLANG_WARN_UNGUARDED_AVAILABILITY = YES_AGGRESSIVE;
				CLANG_WARN_UNREACHABLE_CODE = YES;
				CLANG_WARN__DUPLICATE_METHOD_MATCH = YES;
				COPY_PHASE_STRIP = NO;
				DEBUG_INFORMATION_FORMAT = "dwarf-with-dsym";
				ENABLE_NS_ASSERTIONS = NO;
				ENABLE_STRICT_OBJC_MSGSEND = YES;
				GCC_C_LANGUAGE_STANDARD = gnu11;
				GCC_NO_COMMON_BLOCKS = YES;
				GCC_WARN_64_TO_32_BIT_CONVERSION = YES;
				GCC_WARN_ABOUT_RETURN_TYPE = YES_ERROR;
				GCC_WARN_UNDECLARED_SELECTOR = YES;
				GCC_WARN_UNINITIALIZED_AUTOS = YES_AGGRESSIVE;
				GCC_WARN_UNUSED_FUNCTION = YES;
				GCC_WARN_UNUSED_VARIABLE = YES;
				IPHONEOS_DEPLOYMENT_TARGET = 16.1;
				MTL_ENABLE_DEBUG_INFO = NO;
				MTL_FAST_MATH = YES;
				SDKROOT = iphoneos;
				SWIFT_COMPILATION_MODE = wholemodule;
				SWIFT_OPTIMIZATION_LEVEL = "-O";
				VALIDATE_PRODUCT = YES;
			};
			name = Release;
		};
		34842F3529166D6600A72861 /* Debug */ = {
			isa = XCBuildConfiguration;
			buildSettings = {
				ASSETCATALOG_COMPILER_APPICON_NAME = AppIcon;
				ASSETCATALOG_COMPILER_GLOBAL_ACCENT_COLOR_NAME = AccentColor;
				CODE_SIGN_STYLE = Automatic;
				CURRENT_PROJECT_VERSION = 1;
				GENERATE_INFOPLIST_FILE = YES;
				INFOPLIST_FILE = magicBall/Info.plist;
				INFOPLIST_KEY_UIApplicationSupportsIndirectInputEvents = YES;
				INFOPLIST_KEY_UILaunchStoryboardName = LaunchScreen;
				INFOPLIST_KEY_UIMainStoryboardFile = Main;
				INFOPLIST_KEY_UISupportedInterfaceOrientations_iPad = "UIInterfaceOrientationPortrait UIInterfaceOrientationPortraitUpsideDown UIInterfaceOrientationLandscapeLeft UIInterfaceOrientationLandscapeRight";
				INFOPLIST_KEY_UISupportedInterfaceOrientations_iPhone = "UIInterfaceOrientationPortrait UIInterfaceOrientationLandscapeLeft UIInterfaceOrientationLandscapeRight";
				LD_RUNPATH_SEARCH_PATHS = (
					"$(inherited)",
					"@executable_path/Frameworks",
				);
				MARKETING_VERSION = 1.0;
				PRODUCT_BUNDLE_IDENTIFIER = com.apple.magicBall;
				PRODUCT_NAME = "$(TARGET_NAME)";
				SWIFT_EMIT_LOC_STRINGS = YES;
				SWIFT_VERSION = 5.0;
				TARGETED_DEVICE_FAMILY = "1,2";
			};
			name = Debug;
		};
		34842F3629166D6600A72861 /* Release */ = {
			isa = XCBuildConfiguration;
			buildSettings = {
				ASSETCATALOG_COMPILER_APPICON_NAME = AppIcon;
				ASSETCATALOG_COMPILER_GLOBAL_ACCENT_COLOR_NAME = AccentColor;
				CODE_SIGN_STYLE = Automatic;
				CURRENT_PROJECT_VERSION = 1;
				GENERATE_INFOPLIST_FILE = YES;
				INFOPLIST_FILE = magicBall/Info.plist;
				INFOPLIST_KEY_UIApplicationSupportsIndirectInputEvents = YES;
				INFOPLIST_KEY_UILaunchStoryboardName = LaunchScreen;
				INFOPLIST_KEY_UIMainStoryboardFile = Main;
				INFOPLIST_KEY_UISupportedInterfaceOrientations_iPad = "UIInterfaceOrientationPortrait UIInterfaceOrientationPortraitUpsideDown UIInterfaceOrientationLandscapeLeft UIInterfaceOrientationLandscapeRight";
				INFOPLIST_KEY_UISupportedInterfaceOrientations_iPhone = "UIInterfaceOrientationPortrait UIInterfaceOrientationLandscapeLeft UIInterfaceOrientationLandscapeRight";
				LD_RUNPATH_SEARCH_PATHS = (
					"$(inherited)",
					"@executable_path/Frameworks",
				);
				MARKETING_VERSION = 1.0;
				PRODUCT_BUNDLE_IDENTIFIER = com.apple.magicBall;
				PRODUCT_NAME = "$(TARGET_NAME)";
				SWIFT_EMIT_LOC_STRINGS = YES;
				SWIFT_VERSION = 5.0;
				TARGETED_DEVICE_FAMILY = "1,2";
			};
			name = Release;
		};
		34842F3829166D6600A72861 /* Debug */ = {
			isa = XCBuildConfiguration;
			buildSettings = {
				ALWAYS_EMBED_SWIFT_STANDARD_LIBRARIES = YES;
				BUNDLE_LOADER = "$(TEST_HOST)";
				CODE_SIGN_STYLE = Automatic;
				CURRENT_PROJECT_VERSION = 1;
				GENERATE_INFOPLIST_FILE = YES;
				IPHONEOS_DEPLOYMENT_TARGET = 16.1;
				MARKETING_VERSION = 1.0;
				PRODUCT_BUNDLE_IDENTIFIER = com.apple.magicBallTests;
				PRODUCT_NAME = "$(TARGET_NAME)";
				SWIFT_EMIT_LOC_STRINGS = NO;
				SWIFT_VERSION = 5.0;
				TARGETED_DEVICE_FAMILY = "1,2";
				TEST_HOST = "$(BUILT_PRODUCTS_DIR)/magicBall.app/$(BUNDLE_EXECUTABLE_FOLDER_PATH)/magicBall";
			};
			name = Debug;
		};
		34842F3929166D6600A72861 /* Release */ = {
			isa = XCBuildConfiguration;
			buildSettings = {
				ALWAYS_EMBED_SWIFT_STANDARD_LIBRARIES = YES;
				BUNDLE_LOADER = "$(TEST_HOST)";
				CODE_SIGN_STYLE = Automatic;
				CURRENT_PROJECT_VERSION = 1;
				GENERATE_INFOPLIST_FILE = YES;
				IPHONEOS_DEPLOYMENT_TARGET = 16.1;
				MARKETING_VERSION = 1.0;
				PRODUCT_BUNDLE_IDENTIFIER = com.apple.magicBallTests;
				PRODUCT_NAME = "$(TARGET_NAME)";
				SWIFT_EMIT_LOC_STRINGS = NO;
				SWIFT_VERSION = 5.0;
				TARGETED_DEVICE_FAMILY = "1,2";
				TEST_HOST = "$(BUILT_PRODUCTS_DIR)/magicBall.app/$(BUNDLE_EXECUTABLE_FOLDER_PATH)/magicBall";
			};
			name = Release;
		};
		34842F3B29166D6600A72861 /* Debug */ = {
			isa = XCBuildConfiguration;
			buildSettings = {
				ALWAYS_EMBED_SWIFT_STANDARD_LIBRARIES = YES;
				CODE_SIGN_STYLE = Automatic;
				CURRENT_PROJECT_VERSION = 1;
				GENERATE_INFOPLIST_FILE = YES;
				MARKETING_VERSION = 1.0;
				PRODUCT_BUNDLE_IDENTIFIER = com.apple.magicBallUITests;
				PRODUCT_NAME = "$(TARGET_NAME)";
				SWIFT_EMIT_LOC_STRINGS = NO;
				SWIFT_VERSION = 5.0;
				TARGETED_DEVICE_FAMILY = "1,2";
				TEST_TARGET_NAME = magicBall;
			};
			name = Debug;
		};
		34842F3C29166D6600A72861 /* Release */ = {
			isa = XCBuildConfiguration;
			buildSettings = {
				ALWAYS_EMBED_SWIFT_STANDARD_LIBRARIES = YES;
				CODE_SIGN_STYLE = Automatic;
				CURRENT_PROJECT_VERSION = 1;
				GENERATE_INFOPLIST_FILE = YES;
				MARKETING_VERSION = 1.0;
				PRODUCT_BUNDLE_IDENTIFIER = com.apple.magicBallUITests;
				PRODUCT_NAME = "$(TARGET_NAME)";
				SWIFT_EMIT_LOC_STRINGS = NO;
				SWIFT_VERSION = 5.0;
				TARGETED_DEVICE_FAMILY = "1,2";
				TEST_TARGET_NAME = magicBall;
			};
			name = Release;
		};
/* End XCBuildConfiguration section */

/* Begin XCConfigurationList section */
		34842F0529166D6500A72861 /* Build configuration list for PBXProject "magicBall" */ = {
			isa = XCConfigurationList;
			buildConfigurations = (
				34842F3229166D6600A72861 /* Debug */,
				34842F3329166D6600A72861 /* Release */,
			);
			defaultConfigurationIsVisible = 0;
			defaultConfigurationName = Release;
		};
		34842F3429166D6600A72861 /* Build configuration list for PBXNativeTarget "magicBall" */ = {
			isa = XCConfigurationList;
			buildConfigurations = (
				34842F3529166D6600A72861 /* Debug */,
				34842F3629166D6600A72861 /* Release */,
			);
			defaultConfigurationIsVisible = 0;
			defaultConfigurationName = Release;
		};
		34842F3729166D6600A72861 /* Build configuration list for PBXNativeTarget "magicBallTests" */ = {
			isa = XCConfigurationList;
			buildConfigurations = (
				34842F3829166D6600A72861 /* Debug */,
				34842F3929166D6600A72861 /* Release */,
			);
			defaultConfigurationIsVisible = 0;
			defaultConfigurationName = Release;
		};
		34842F3A29166D6600A72861 /* Build configuration list for PBXNativeTarget "magicBallUITests" */ = {
			isa = XCConfigurationList;
			buildConfigurations = (
				34842F3B29166D6600A72861 /* Debug */,
				34842F3C29166D6600A72861 /* Release */,
			);
			defaultConfigurationIsVisible = 0;
			defaultConfigurationName = Release;
		};
/* End XCConfigurationList section */
	};
	rootObject = 34842F0229166D6500A72861 /* Project object */;
}
